
Microsoft Visual Studio Solution File, Format Version 12.00
# Visual Studio Version 17
VisualStudioVersion = 17.1.31911.260
MinimumVisualStudioVersion = 10.0.40219.1
Project("{9A19103F-16F7-4668-BE54-9A1E7A4F7556}") = "FileWatcherEx", "FileWatcherEx\FileWatcherEx.csproj", "{CF81727D-B6EC-4202-8E78-087C5D5EABF3}"
EndProject
Project("{FAE04EC0-301F-11D3-BF4B-00C04F79EFBC}") = "Demo.WinForms", "Demo\Demo.WinForms.csproj", "{F973F462-7769-433C-AEC1-17AF2902ED2D}"
EndProject
Project("{FAE04EC0-301F-11D3-BF4B-00C04F79EFBC}") = "FileWatcherExTests", "FileWatcherExTests\FileWatcherExTests.csproj", "{1C0CA67C-369E-4258-B661-2C545B50A6FF}"
EndProject
Global
	GlobalSection(SolutionConfigurationPlatforms) = preSolution
		Debug|Any CPU = Debug|Any CPU
		Release|Any CPU = Release|Any CPU
	EndGlobalSection
	GlobalSection(ProjectConfigurationPlatforms) = postSolution
		{CF81727D-B6EC-4202-8E78-087C5D5EABF3}.Debug|Any CPU.ActiveCfg = Debug|Any CPU
		{CF81727D-B6EC-4202-8E78-087C5D5EABF3}.Debug|Any CPU.Build.0 = Debug|Any CPU
		{CF81727D-B6EC-4202-8E78-087C5D5EABF3}.Release|Any CPU.ActiveCfg = Release|Any CPU
		{CF81727D-B6EC-4202-8E78-087C5D5EABF3}.Release|Any CPU.Build.0 = Release|Any CPU
		{F973F462-7769-433C-AEC1-17AF2902ED2D}.Debug|Any CPU.ActiveCfg = Debug|Any CPU
		{F973F462-7769-433C-AEC1-17AF2902ED2D}.Debug|Any CPU.Build.0 = Debug|Any CPU
		{F973F462-7769-433C-AEC1-17AF2902ED2D}.Release|Any CPU.ActiveCfg = Release|Any CPU
		{F973F462-7769-433C-AEC1-17AF2902ED2D}.Release|Any CPU.Build.0 = Release|Any CPU
		{1C0CA67C-369E-4258-B661-2C545B50A6FF}.Debug|Any CPU.ActiveCfg = Debug|Any CPU
		{1C0CA67C-369E-4258-B661-2C545B50A6FF}.Debug|Any CPU.Build.0 = Debug|Any CPU
		{1C0CA67C-369E-4258-B661-2C545B50A6FF}.Release|Any CPU.ActiveCfg = Release|Any CPU
		{1C0CA67C-369E-4258-B661-2C545B50A6FF}.Release|Any CPU.Build.0 = Release|Any CPU
	EndGlobalSection
	GlobalSection(SolutionProperties) = preSolution
		HideSolutionNode = FALSE
	EndGlobalSection
	GlobalSection(ExtensibilityGlobals) = postSolution
		SolutionGuid = {7A615E75-F056-422F-952E-9C0CD34E477B}
	EndGlobalSection
EndGlobal
